Microsoft Visual Studio Solution File, Format Version 12.00
# Visual Studio Version 17
VisualStudioVersion = 17.13.35825.156
MinimumVisualStudioVersion = 10.0.40219.1
Project("{2150E333-8FDC-42A3-9474-1A3956D46DE8}") = "MediaPlayerSample", "MediaPlayerSample", "{D42C37AA-53F4-D48D-0B84-299B5E68CB34}"
EndProject
Project("{FAE04EC0-301F-11D3-BF4B-00C04F79EFBC}") = "Avalonia.Media.Demo.Android", "MediaPlayerSample\Avalonia.Media.Demo.Android\Avalonia.Media.Demo.Android.csproj", "{F6B14307-7505-2EFF-BCD5-93832102CDF0}"
EndProject
Project("{FAE04EC0-301F-11D3-BF4B-00C04F79EFBC}") = "Avalonia.Media.Demo.Desktop", "MediaPlayerSample\Avalonia.Media.Demo.Desktop\Avalonia.Media.Demo.Desktop.csproj", "{96E6BA7C-CF87-07EF-FC8C-751C54EAE0E2}"
EndProject
Project("{FAE04EC0-301F-11D3-BF4B-00C04F79EFBC}") = "Avalonia.Media.Demo.iOS", "MediaPlayerSample\Avalonia.Media.Demo.iOS\Avalonia.Media.Demo.iOS.csproj", "{77BFEC2D-89CD-46F1-7FAB-4A73305D9746}"
EndProject
Project("{FAE04EC0-301F-11D3-BF4B-00C04F79EFBC}") = "Avalonia.Media.Demo", "MediaPlayerSample\Avalonia.Media.Demo\Avalonia.Media.Demo.csproj", "{102037DA-8C04-C64A-BF03-D4679AC92AE6}"
EndProject
Project("{2150E333-8FDC-42A3-9474-1A3956D46DE8}") = "NativeWebViewAndDialogSample", "NativeWebViewAndDialogSample", "{7309ED7C-46EA-CC85-002E-A1BA37EF7AAC}"
EndProject
Project("{FAE04EC0-301F-11D3-BF4B-00C04F79EFBC}") = "NativeWebViewAndDialogSample.Android", "NativeWebViewAndDialogSample\NativeWebViewAndDialogSample.Android\NativeWebViewAndDialogSample.Android.csproj", "{CD396FC7-7CBA-7BA7-3D1F-F7F8A2991A2C}"
EndProject
Project("{FAE04EC0-301F-11D3-BF4B-00C04F79EFBC}") = "NativeWebViewAndDialogSample.Desktop", "NativeWebViewAndDialogSample\NativeWebViewAndDialogSample.Desktop\NativeWebViewAndDialogSample.Desktop.csproj", "{38D869D6-F037-D026-578A-E309FFCB4439}"
EndProject
Project("{FAE04EC0-301F-11D3-BF4B-00C04F79EFBC}") = "NativeWebViewAndDialogSample.iOS", "NativeWebViewAndDialogSample\NativeWebViewAndDialogSample.iOS\NativeWebViewAndDialogSample.iOS.csproj", "{8DE2EA2A-52F4-50C5-F724-EE0D5B6E5C8C}"
EndProject
Project("{FAE04EC0-301F-11D3-BF4B-00C04F79EFBC}") = "NativeWebViewAndDialogSample", "NativeWebViewAndDialogSample\NativeWebViewAndDialogSample\NativeWebViewAndDialogSample.csproj", "{A6130A7C-2DEA-0A16-4C64-660833B09F77}"
EndProject
Project("{2150E333-8FDC-42A3-9474-1A3956D46DE8}") = "Solution Items", "Solution Items", "{089100B1-113F-4E66-888A-E83F3999EAFD}"
	ProjectSection(SolutionItems) = preProject
		.gitattributes = .gitattributes
		.gitignore = .gitignore
		Directory.Build.props = Directory.Build.props
		LICENSE = LICENSE
		README.md = README.md
	EndProjectSection
EndProject
Project("{2150E333-8FDC-42A3-9474-1A3956D46DE8}") = "WebAuthenticationBrokerSample", "WebAuthenticationBrokerSample", "{F1654980-CA9F-ACCF-E2A2-9AEE1C29565B}"
EndProject
Project("{FAE04EC0-301F-11D3-BF4B-00C04F79EFBC}") = "WebAuthenticationBrokerSample.Desktop", "WebAuthenticationBrokerSample\WebAuthenticationBrokerSample.Desktop\WebAuthenticationBrokerSample.Desktop.csproj", "{A34DCED3-E26F-9DF0-163C-720E3F795031}"
EndProject
Project("{FAE04EC0-301F-11D3-BF4B-00C04F79EFBC}") = "WebAuthenticationBrokerSample.iOS", "WebAuthenticationBrokerSample\WebAuthenticationBrokerSample.iOS\WebAuthenticationBrokerSample.iOS.csproj", "{C4E89863-6CA3-D3A6-C504-58989B5E7526}"
EndProject
Project("{FAE04EC0-301F-11D3-BF4B-00C04F79EFBC}") = "WebAuthenticationBrokerSample", "WebAuthenticationBrokerSample\WebAuthenticationBrokerSample\WebAuthenticationBrokerSample.csproj", "{7CFB22DE-B8D6-799B-743C-8AF89E97E88F}"
EndProject
Project("{FAE04EC0-301F-11D3-BF4B-00C04F79EFBC}") = "FlatTreeDataGridSample", "TreeDataGrid\FlatTreeDataGridSample\FlatTreeDataGridSample.csproj", "{3CD6AE38-B041-491C-A472-2801154CAE85}"
EndProject
Project("{FAE04EC0-301F-11D3-BF4B-00C04F79EFBC}") = "HierarchicalTreeDataGridSample", "TreeDataGrid\HierarchicalTreeDataGridSample\HierarchicalTreeDataGridSample.csproj", "{68EBBA38-29AC-4346-BDB8-A22D46D9AE87}"
EndProject
Project("{2150E333-8FDC-42A3-9474-1A3956D46DE8}") = "TreeDataGrid", "TreeDataGrid", "{02EA681E-C7D8-13C7-8484-4AC65E1B71E8}"
EndProject
Project("{FAE04EC0-301F-11D3-BF4B-00C04F79EFBC}") = "Avalonia.Media.MultiViewDemo", "MediaPlayerSample\Avalonia.Media.MultiViewDemo\Avalonia.Media.MultiViewDemo.csproj", "{DEDD2A74-DBBE-5045-EC25-2AB25D4F047F}"
EndProject
Project("{FAE04EC0-301F-11D3-BF4B-00C04F79EFBC}") = "Avalonia.Media.MultiViewDemo.Android", "MediaPlayerSample\Avalonia.Media.MultiViewDemo.Android\Avalonia.Media.MultiViewDemo.Android.csproj", "{9CE7D6B2-1F3B-2473-2AC3-D3AB60E6871B}"
EndProject
Project("{FAE04EC0-301F-11D3-BF4B-00C04F79EFBC}") = "Avalonia.Media.MultiViewDemo.Browser", "MediaPlayerSample\Avalonia.Media.MultiViewDemo.Browser\Avalonia.Media.MultiViewDemo.Browser.csproj", "{920F1C70-666F-A596-9A57-85A2F529B73B}"
EndProject
Project("{FAE04EC0-301F-11D3-BF4B-00C04F79EFBC}") = "Avalonia.Media.MultiViewDemo.Desktop", "MediaPlayerSample\Avalonia.Media.MultiViewDemo.Desktop\Avalonia.Media.MultiViewDemo.Desktop.csproj", "{09866B4D-9A6A-5DCA-D39F-B2F57F010541}"
EndProject
Project("{FAE04EC0-301F-11D3-BF4B-00C04F79EFBC}") = "Avalonia.Media.MultiViewDemo.iOS", "MediaPlayerSample\Avalonia.Media.MultiViewDemo.iOS\Avalonia.Media.MultiViewDemo.iOS.csproj", "{1F345A3A-C596-F876-6DB5-0AF8A0BB6FDC}"
EndProject
Global
	GlobalSection(SolutionConfigurationPlatforms) = preSolution
		Debug|Any CPU = Debug|Any CPU
		Release|Any CPU = Release|Any CPU
	EndGlobalSection
	GlobalSection(ProjectConfigurationPlatforms) = postSolution
		{F6B14307-7505-2EFF-BCD5-93832102CDF0}.Debug|Any CPU.ActiveCfg = Debug|Any CPU
		{F6B14307-7505-2EFF-BCD5-93832102CDF0}.Debug|Any CPU.Build.0 = Debug|Any CPU
		{F6B14307-7505-2EFF-BCD5-93832102CDF0}.Release|Any CPU.ActiveCfg = Release|Any CPU
		{F6B14307-7505-2EFF-BCD5-93832102CDF0}.Release|Any CPU.Build.0 = Release|Any CPU
		{96E6BA7C-CF87-07EF-FC8C-751C54EAE0E2}.Debug|Any CPU.ActiveCfg = Debug|Any CPU
		{96E6BA7C-CF87-07EF-FC8C-751C54EAE0E2}.Debug|Any CPU.Build.0 = Debug|Any CPU
		{96E6BA7C-CF87-07EF-FC8C-751C54EAE0E2}.Release|Any CPU.ActiveCfg = Release|Any CPU
		{96E6BA7C-CF87-07EF-FC8C-751C54EAE0E2}.Release|Any CPU.Build.0 = Release|Any CPU
		{77BFEC2D-89CD-46F1-7FAB-4A73305D9746}.Debug|Any CPU.ActiveCfg = Debug|Any CPU
		{77BFEC2D-89CD-46F1-7FAB-4A73305D9746}.Debug|Any CPU.Build.0 = Debug|Any CPU
		{77BFEC2D-89CD-46F1-7FAB-4A73305D9746}.Release|Any CPU.ActiveCfg = Release|Any CPU
		{77BFEC2D-89CD-46F1-7FAB-4A73305D9746}.Release|Any CPU.Build.0 = Release|Any CPU
		{102037DA-8C04-C64A-BF03-D4679AC92AE6}.Debug|Any CPU.ActiveCfg = Debug|Any CPU
		{102037DA-8C04-C64A-BF03-D4679AC92AE6}.Debug|Any CPU.Build.0 = Debug|Any CPU
		{102037DA-8C04-C64A-BF03-D4679AC92AE6}.Release|Any CPU.ActiveCfg = Release|Any CPU
		{102037DA-8C04-C64A-BF03-D4679AC92AE6}.Release|Any CPU.Build.0 = Release|Any CPU
		{CD396FC7-7CBA-7BA7-3D1F-F7F8A2991A2C}.Debug|Any CPU.ActiveCfg = Debug|Any CPU
		{CD396FC7-7CBA-7BA7-3D1F-F7F8A2991A2C}.Debug|Any CPU.Build.0 = Debug|Any CPU
		{CD396FC7-7CBA-7BA7-3D1F-F7F8A2991A2C}.Release|Any CPU.ActiveCfg = Release|Any CPU
		{CD396FC7-7CBA-7BA7-3D1F-F7F8A2991A2C}.Release|Any CPU.Build.0 = Release|Any CPU
		{38D869D6-F037-D026-578A-E309FFCB4439}.Debug|Any CPU.ActiveCfg = Debug|Any CPU
		{38D869D6-F037-D026-578A-E309FFCB4439}.Debug|Any CPU.Build.0 = Debug|Any CPU
		{38D869D6-F037-D026-578A-E309FFCB4439}.Release|Any CPU.ActiveCfg = Release|Any CPU
		{38D869D6-F037-D026-578A-E309FFCB4439}.Release|Any CPU.Build.0 = Release|Any CPU
		{8DE2EA2A-52F4-50C5-F724-EE0D5B6E5C8C}.Debug|Any CPU.ActiveCfg = Debug|Any CPU
		{8DE2EA2A-52F4-50C5-F724-EE0D5B6E5C8C}.Debug|Any CPU.Build.0 = Debug|Any CPU
		{8DE2EA2A-52F4-50C5-F724-EE0D5B6E5C8C}.Release|Any CPU.ActiveCfg = Release|Any CPU
		{8DE2EA2A-52F4-50C5-F724-EE0D5B6E5C8C}.Release|Any CPU.Build.0 = Release|Any CPU
		{A6130A7C-2DEA-0A16-4C64-660833B09F77}.Debug|Any CPU.ActiveCfg = Debug|Any CPU
		{A6130A7C-2DEA-0A16-4C64-660833B09F77}.Debug|Any CPU.Build.0 = Debug|Any CPU
		{A6130A7C-2DEA-0A16-4C64-660833B09F77}.Release|Any CPU.ActiveCfg = Release|Any CPU
		{A6130A7C-2DEA-0A16-4C64-660833B09F77}.Release|Any CPU.Build.0 = Release|Any CPU
		{A34DCED3-E26F-9DF0-163C-720E3F795031}.Debug|Any CPU.ActiveCfg = Debug|Any CPU
		{A34DCED3-E26F-9DF0-163C-720E3F795031}.Debug|Any CPU.Build.0 = Debug|Any CPU
		{A34DCED3-E26F-9DF0-163C-720E3F795031}.Release|Any CPU.ActiveCfg = Release|Any CPU
		{A34DCED3-E26F-9DF0-163C-720E3F795031}.Release|Any CPU.Build.0 = Release|Any CPU
		{C4E89863-6CA3-D3A6-C504-58989B5E7526}.Debug|Any CPU.ActiveCfg = Debug|Any CPU
		{C4E89863-6CA3-D3A6-C504-58989B5E7526}.Debug|Any CPU.Build.0 = Debug|Any CPU
		{C4E89863-6CA3-D3A6-C504-58989B5E7526}.Release|Any CPU.ActiveCfg = Release|Any CPU
		{C4E89863-6CA3-D3A6-C504-58989B5E7526}.Release|Any CPU.Build.0 = Release|Any CPU
		{7CFB22DE-B8D6-799B-743C-8AF89E97E88F}.Debug|Any CPU.ActiveCfg = Debug|Any CPU
		{7CFB22DE-B8D6-799B-743C-8AF89E97E88F}.Debug|Any CPU.Build.0 = Debug|Any CPU
		{7CFB22DE-B8D6-799B-743C-8AF89E97E88F}.Release|Any CPU.ActiveCfg = Release|Any CPU
		{7CFB22DE-B8D6-799B-743C-8AF89E97E88F}.Release|Any CPU.Build.0 = Release|Any CPU
		{3CD6AE38-B041-491C-A472-2801154CAE85}.Debug|Any CPU.ActiveCfg = Debug|Any CPU
		{3CD6AE38-B041-491C-A472-2801154CAE85}.Debug|Any CPU.Build.0 = Debug|Any CPU
		{3CD6AE38-B041-491C-A472-2801154CAE85}.Release|Any CPU.ActiveCfg = Release|Any CPU
		{3CD6AE38-B041-491C-A472-2801154CAE85}.Release|Any CPU.Build.0 = Release|Any CPU
		{68EBBA38-29AC-4346-BDB8-A22D46D9AE87}.Debug|Any CPU.ActiveCfg = Debug|Any CPU
		{68EBBA38-29AC-4346-BDB8-A22D46D9AE87}.Debug|Any CPU.Build.0 = Debug|Any CPU
		{68EBBA38-29AC-4346-BDB8-A22D46D9AE87}.Release|Any CPU.ActiveCfg = Release|Any CPU
		{68EBBA38-29AC-4346-BDB8-A22D46D9AE87}.Release|Any CPU.Build.0 = Release|Any CPU
		{DEDD2A74-DBBE-5045-EC25-2AB25D4F047F}.Debug|Any CPU.ActiveCfg = Debug|Any CPU
		{DEDD2A74-DBBE-5045-EC25-2AB25D4F047F}.Debug|Any CPU.Build.0 = Debug|Any CPU
		{DEDD2A74-DBBE-5045-EC25-2AB25D4F047F}.Release|Any CPU.ActiveCfg = Release|Any CPU
		{DEDD2A74-DBBE-5045-EC25-2AB25D4F047F}.Release|Any CPU.Build.0 = Release|Any CPU
		{9CE7D6B2-1F3B-2473-2AC3-D3AB60E6871B}.Debug|Any CPU.ActiveCfg = Debug|Any CPU
		{9CE7D6B2-1F3B-2473-2AC3-D3AB60E6871B}.Debug|Any CPU.Build.0 = Debug|Any CPU
		{9CE7D6B2-1F3B-2473-2AC3-D3AB60E6871B}.Debug|Any CPU.Deploy.0 = Debug|Any CPU
		{9CE7D6B2-1F3B-2473-2AC3-D3AB60E6871B}.Release|Any CPU.ActiveCfg = Release|Any CPU
		{9CE7D6B2-1F3B-2473-2AC3-D3AB60E6871B}.Release|Any CPU.Build.0 = Release|Any CPU
		{9CE7D6B2-1F3B-2473-2AC3-D3AB60E6871B}.Release|Any CPU.Deploy.0 = Release|Any CPU
		{920F1C70-666F-A596-9A57-85A2F529B73B}.Debug|Any CPU.ActiveCfg = Debug|Any CPU
		{920F1C70-666F-A596-9A57-85A2F529B73B}.Debug|Any CPU.Build.0 = Debug|Any CPU
		{920F1C70-666F-A596-9A57-85A2F529B73B}.Release|Any CPU.ActiveCfg = Release|Any CPU
		{920F1C70-666F-A596-9A57-85A2F529B73B}.Release|Any CPU.Build.0 = Release|Any CPU
		{09866B4D-9A6A-5DCA-D39F-B2F57F010541}.Debug|Any CPU.ActiveCfg = Debug|Any CPU
		{09866B4D-9A6A-5DCA-D39F-B2F57F010541}.Debug|Any CPU.Build.0 = Debug|Any CPU
		{09866B4D-9A6A-5DCA-D39F-B2F57F010541}.Release|Any CPU.ActiveCfg = Release|Any CPU
		{09866B4D-9A6A-5DCA-D39F-B2F57F010541}.Release|Any CPU.Build.0 = Release|Any CPU
		{1F345A3A-C596-F876-6DB5-0AF8A0BB6FDC}.Debug|Any CPU.ActiveCfg = Debug|Any CPU
		{1F345A3A-C596-F876-6DB5-0AF8A0BB6FDC}.Debug|Any CPU.Build.0 = Debug|Any CPU
		{1F345A3A-C596-F876-6DB5-0AF8A0BB6FDC}.Debug|Any CPU.Deploy.0 = Debug|Any CPU
		{1F345A3A-C596-F876-6DB5-0AF8A0BB6FDC}.Release|Any CPU.ActiveCfg = Release|Any CPU
		{1F345A3A-C596-F876-6DB5-0AF8A0BB6FDC}.Release|Any CPU.Build.0 = Release|Any CPU
		{1F345A3A-C596-F876-6DB5-0AF8A0BB6FDC}.Release|Any CPU.Deploy.0 = Release|Any CPU
	EndGlobalSection
	GlobalSection(SolutionProperties) = preSolution
		HideSolutionNode = FALSE
	EndGlobalSection
	GlobalSection(NestedProjects) = preSolution
		{F6B14307-7505-2EFF-BCD5-93832102CDF0} = {D42C37AA-53F4-D48D-0B84-299B5E68CB34}
		{96E6BA7C-CF87-07EF-FC8C-751C54EAE0E2} = {D42C37AA-53F4-D48D-0B84-299B5E68CB34}
		{77BFEC2D-89CD-46F1-7FAB-4A73305D9746} = {D42C37AA-53F4-D48D-0B84-299B5E68CB34}
		{102037DA-8C04-C64A-BF03-D4679AC92AE6} = {D42C37AA-53F4-D48D-0B84-299B5E68CB34}
		{CD396FC7-7CBA-7BA7-3D1F-F7F8A2991A2C} = {7309ED7C-46EA-CC85-002E-A1BA37EF7AAC}
		{38D869D6-F037-D026-578A-E309FFCB4439} = {7309ED7C-46EA-CC85-002E-A1BA37EF7AAC}
		{8DE2EA2A-52F4-50C5-F724-EE0D5B6E5C8C} = {7309ED7C-46EA-CC85-002E-A1BA37EF7AAC}
		{A6130A7C-2DEA-0A16-4C64-660833B09F77} = {7309ED7C-46EA-CC85-002E-A1BA37EF7AAC}
		{A34DCED3-E26F-9DF0-163C-720E3F795031} = {F1654980-CA9F-ACCF-E2A2-9AEE1C29565B}
		{C4E89863-6CA3-D3A6-C504-58989B5E7526} = {F1654980-CA9F-ACCF-E2A2-9AEE1C29565B}
		{7CFB22DE-B8D6-799B-743C-8AF89E97E88F} = {F1654980-CA9F-ACCF-E2A2-9AEE1C29565B}
		{3CD6AE38-B041-491C-A472-2801154CAE85} = {02EA681E-C7D8-13C7-8484-4AC65E1B71E8}
		{68EBBA38-29AC-4346-BDB8-A22D46D9AE87} = {02EA681E-C7D8-13C7-8484-4AC65E1B71E8}
		{DEDD2A74-DBBE-5045-EC25-2AB25D4F047F} = {D42C37AA-53F4-D48D-0B84-299B5E68CB34}
		{9CE7D6B2-1F3B-2473-2AC3-D3AB60E6871B} = {D42C37AA-53F4-D48D-0B84-299B5E68CB34}
		{920F1C70-666F-A596-9A57-85A2F529B73B} = {D42C37AA-53F4-D48D-0B84-299B5E68CB34}
		{09866B4D-9A6A-5DCA-D39F-B2F57F010541} = {D42C37AA-53F4-D48D-0B84-299B5E68CB34}
		{1F345A3A-C596-F876-6DB5-0AF8A0BB6FDC} = {D42C37AA-53F4-D48D-0B84-299B5E68CB34}
	EndGlobalSection
	GlobalSection(ExtensibilityGlobals) = postSolution
		SolutionGuid = {67CB22C7-D7C8-4B3E-8B75-AD5ACED86816}
	EndGlobalSection
EndGlobal
